
Microsoft Visual Studio Solution File, Format Version 12.00
# Visual Studio 14
VisualStudioVersion = 14.0.25420.1
MinimumVisualStudioVersion = 10.0.40219.1
Project("{FAE04EC0-301F-11D3-BF4B-00C04F79EFBC}") = "TestBasicBuild", "TestBasicBuild\TestBasicBuild.csproj", "{F019DEDA-EED4-4781-B866-EA64F5FA78AA}"
EndProject
Project("{FAE04EC0-301F-11D3-BF4B-00C04F79EFBC}") = "BasicVerification.Test", "BasicUnitTest\BasicVerification.Test.csproj", "{5CBC9F4D-DA4E-487B-9CCB-E38F79AEB5B5}"
EndProject
Global
	GlobalSection(SolutionConfigurationPlatforms) = preSolution
		Debug|Any CPU = Debug|Any CPU
		Release|Any CPU = Release|Any CPU
	EndGlobalSection
	GlobalSection(ProjectConfigurationPlatforms) = postSolution
		{F019DEDA-EED4-4781-B866-EA64F5FA78AA}.Debug|Any CPU.ActiveCfg = Debug|Any CPU
		{F019DEDA-EED4-4781-B866-EA64F5FA78AA}.Debug|Any CPU.Build.0 = Debug|Any CPU
		{F019DEDA-EED4-4781-B866-EA64F5FA78AA}.Release|Any CPU.ActiveCfg = Release|Any CPU
		{F019DEDA-EED4-4781-B866-EA64F5FA78AA}.Release|Any CPU.Build.0 = Release|Any CPU
		{5CBC9F4D-DA4E-487B-9CCB-E38F79AEB5B5}.Debug|Any CPU.ActiveCfg = Debug|Any CPU
		{5CBC9F4D-DA4E-487B-9CCB-E38F79AEB5B5}.Debug|Any CPU.Build.0 = Debug|Any CPU
		{5CBC9F4D-DA4E-487B-9CCB-E38F79AEB5B5}.Release|Any CPU.ActiveCfg = Release|Any CPU
		{5CBC9F4D-DA4E-487B-9CCB-E38F79AEB5B5}.Release|Any CPU.Build.0 = Release|Any CPU
	EndGlobalSection
	GlobalSection(SolutionProperties) = preSolution
		HideSolutionNode = FALSE
	EndGlobalSection
EndGlobal
